
Microsoft Visual Studio Solution File, Format Version 12.00
# Visual Studio Version 16
VisualStudioVersion = 16.0.31515.178
MinimumVisualStudioVersion = 10.0.40219.1
Project("{FAE04EC0-301F-11D3-BF4B-00C04F79EFBC}") = "dotNetF_MembershipApp", "dotNetF_MembershipApp.csproj", "{DD279F1C-47CC-4DEE-974B-10D34DDDB81D}"
EndProject
Global
	GlobalSection(SolutionConfigurationPlatforms) = preSolution
		Debug|Any CPU = Debug|Any CPU
		Release|Any CPU = Release|Any CPU
	EndGlobalSection
	GlobalSection(ProjectConfigurationPlatforms) = postSolution
		{DD279F1C-47CC-4DEE-974B-10D34DDDB81D}.Debug|Any CPU.ActiveCfg = Debug|Any CPU
		{DD279F1C-47CC-4DEE-974B-10D34DDDB81D}.Debug|Any CPU.Build.0 = Debug|Any CPU
		{DD279F1C-47CC-4DEE-974B-10D34DDDB81D}.Release|Any CPU.ActiveCfg = Release|Any CPU
		{DD279F1C-47CC-4DEE-974B-10D34DDDB81D}.Release|Any CPU.Build.0 = Release|Any CPU
	EndGlobalSection
	GlobalSection(SolutionProperties) = preSolution
		HideSolutionNode = FALSE
	EndGlobalSection
	GlobalSection(ExtensibilityGlobals) = postSolution
		SolutionGuid = {3CA91B8B-833D-4814-8624-D6C4B71B61A4}
	EndGlobalSection
EndGlobal
